{
  "name": "anticore-serverless",
  "version": "2.0.1",
  "lockfileVersion": 1,
  "requires": true,
  "dependencies": {
    "anticore": {
      "version": "2.25.0",
      "resolved": "https://registry.npmjs.org/anticore/-/anticore-2.25.0.tgz",
      "integrity": "sha512-Un9GDWDZLNxcgLLIGFa523m8H3vQp+9fe35wlx3ICUpRZx5/WaMrGpcQbwvtF1Cl+x7kCgftu9eiZDNDEw4VvQ=="
    }
  }
}
