{
  "name": "anticore-serverless",
  "version": "1.0.1",
  "lockfileVersion": 1,
  "requires": true,
  "dependencies": {
    "anticore": {
      "version": "2.24.6",
      "resolved": "https://registry.npmjs.org/anticore/-/anticore-2.24.6.tgz",
      "integrity": "sha512-Aqg430GGHqWTTzb/AFZrqkfOWSaqYKt8h9kt+tvfrTlvg736prX0uqOpkF96haJzz874MH+kmFCMTb28R89A8w=="
    }
  }
}
