{
  "name": "anticore-serverless",
  "version": "1.0.2",
  "lockfileVersion": 1,
  "requires": true,
  "dependencies": {
    "anticore": {
      "version": "2.24.7",
      "resolved": "https://registry.npmjs.org/anticore/-/anticore-2.24.7.tgz",
      "integrity": "sha512-rUabvddTFa9J0gwacmtwzOZufFrmwbsAxyAX0CaL7PyNM6ULEUhyuzwOpDJTdxm7x+8kRr6q8OaGpcz1gE/xZQ=="
    }
  }
}
